
Microsoft Visual Studio Solution File, Format Version 12.00
# Visual Studio Version 17
VisualStudioVersion = 17.4.33205.214
MinimumVisualStudioVersion = 10.0.40219.1
Project("{FAE04EC0-301F-11D3-BF4B-00C04F79EFBC}") = "Back-end-Angular-Pokemon", "Back-end-Angular-Pokemon.csproj", "{89579CF1-4F0A-4C56-8CB9-21E828ABEB9D}"
EndProject
Global
	GlobalSection(SolutionConfigurationPlatforms) = preSolution
		Debug|Any CPU = Debug|Any CPU
		Release|Any CPU = Release|Any CPU
	EndGlobalSection
	GlobalSection(ProjectConfigurationPlatforms) = postSolution
		{89579CF1-4F0A-4C56-8CB9-21E828ABEB9D}.Debug|Any CPU.ActiveCfg = Debug|Any CPU
		{89579CF1-4F0A-4C56-8CB9-21E828ABEB9D}.Debug|Any CPU.Build.0 = Debug|Any CPU
		{89579CF1-4F0A-4C56-8CB9-21E828ABEB9D}.Release|Any CPU.ActiveCfg = Release|Any CPU
		{89579CF1-4F0A-4C56-8CB9-21E828ABEB9D}.Release|Any CPU.Build.0 = Release|Any CPU
	EndGlobalSection
	GlobalSection(SolutionProperties) = preSolution
		HideSolutionNode = FALSE
	EndGlobalSection
	GlobalSection(ExtensibilityGlobals) = postSolution
		SolutionGuid = {923E4A05-BEA0-40EE-B604-599C40CEBF77}
	EndGlobalSection
EndGlobal
